
Microsoft Visual Studio Solution File, Format Version 12.00
# Visual Studio 2013
VisualStudioVersion = 12.0.30626.0
MinimumVisualStudioVersion = 10.0.40219.1
Project("{FAE04EC0-301F-11D3-BF4B-00C04F79EFBC}") = "DSTcontest.Server", "Server\DSTcontest.Server\DSTcontest.Server.csproj", "{D1CA385F-E118-454B-8E87-998D7D4C12E6}"
EndProject
Project("{2150E333-8FDC-42A3-9474-1A3956D46DE8}") = "Documentation", "Documentation", "{0544D039-A502-4727-B838-D57484ABB34C}"
EndProject
Project("{2150E333-8FDC-42A3-9474-1A3956D46DE8}") = "Server", "Server", "{1A359142-36EC-44AB-824C-D1BE4DA7D4AF}"
EndProject
Project("{2150E333-8FDC-42A3-9474-1A3956D46DE8}") = "Libraries", "Libraries", "{5E231E2E-1B17-45C5-950C-1B4F81B689B0}"
EndProject
Project("{2150E333-8FDC-42A3-9474-1A3956D46DE8}") = "Plugins", "Plugins", "{36F29C4C-C20B-4B2C-A1A7-4D60EF64C9FE}"
EndProject
Project("{2150E333-8FDC-42A3-9474-1A3956D46DE8}") = "Presentation", "Presentation", "{6E583536-71DA-4D30-B710-5F2C9DAC6A49}"
EndProject
Project("{2150E333-8FDC-42A3-9474-1A3956D46DE8}") = "Tests", "Tests", "{E7DEA2EC-F85B-4262-B48F-90FB194E7D8B}"
EndProject
Project("{FAE04EC0-301F-11D3-BF4B-00C04F79EFBC}") = "DSTcontest.Core", "Libraries\DSTcontest.Core\DSTcontest.Core.csproj", "{1B3CBAD9-6971-4D35-9F85-FD00463A3508}"
EndProject
Project("{FAE04EC0-301F-11D3-BF4B-00C04F79EFBC}") = "DSTcontest.Data", "Libraries\DSTcontest.Data\DSTcontest.Data.csproj", "{3F9AFF74-53AA-4955-AA08-22FA1045D0A9}"
EndProject
Project("{FAE04EC0-301F-11D3-BF4B-00C04F79EFBC}") = "DSTcontest.Services", "Libraries\DSTcontest.Services\DSTcontest.Services.csproj", "{119BC515-7DF7-4C23-ABF4-0386E7BFF5C6}"
EndProject
Project("{FAE04EC0-301F-11D3-BF4B-00C04F79EFBC}") = "DSTcontest.Web.Framework", "Presentation\DSTcontest.Web.Framework\DSTcontest.Web.Framework.csproj", "{A49177D7-31D0-4C68-9F37-15CC0EEDDE7D}"
EndProject
Project("{FAE04EC0-301F-11D3-BF4B-00C04F79EFBC}") = "DSTcontest.Core.Tests", "Tests\DSTcontest.Core.Tests\DSTcontest.Core.Tests.csproj", "{5CD0941B-805D-400A-968F-02E7B806AD7E}"
EndProject
Project("{FAE04EC0-301F-11D3-BF4B-00C04F79EFBC}") = "DSTcontest.Data.Tests", "Tests\DSTcontest.Data.Tests\DSTcontest.Data.Tests.csproj", "{65D43CB6-C2D1-4105-8AB3-3050AB5C4B64}"
EndProject
Project("{FAE04EC0-301F-11D3-BF4B-00C04F79EFBC}") = "DSTcontest.Services.Tests", "Tests\DSTcontest.Services.Tests\DSTcontest.Services.Tests.csproj", "{87AC0C5B-645B-4FB1-882F-8EB38816215B}"
EndProject
Project("{FAE04EC0-301F-11D3-BF4B-00C04F79EFBC}") = "DSTcontest.Tests", "Tests\DSTcontest.Tests\DSTcontest.Tests.csproj", "{B5CD5706-CD25-4D84-9206-6BCDC2EC2883}"
EndProject
Project("{FAE04EC0-301F-11D3-BF4B-00C04F79EFBC}") = "DSTcontest.Web", "Presentation\DSTcontest.Web\DSTcontest.Web.csproj", "{98210311-9984-412B-88AA-8961AFE9567B}"
EndProject
Project("{FAE04EC0-301F-11D3-BF4B-00C04F79EFBC}") = "DSTcontest.Web.Tests", "Tests\DSTcontest.Web.Tests\DSTcontest.Web.Tests.csproj", "{AA47FAAD-B9F3-4743-B186-6FE55D39801E}"
EndProject
Global
	GlobalSection(SolutionConfigurationPlatforms) = preSolution
		Debug|Any CPU = Debug|Any CPU
		Release|Any CPU = Release|Any CPU
	EndGlobalSection
	GlobalSection(ProjectConfigurationPlatforms) = postSolution
		{D1CA385F-E118-454B-8E87-998D7D4C12E6}.Debug|Any CPU.ActiveCfg = Debug|Any CPU
		{D1CA385F-E118-454B-8E87-998D7D4C12E6}.Debug|Any CPU.Build.0 = Debug|Any CPU
		{D1CA385F-E118-454B-8E87-998D7D4C12E6}.Release|Any CPU.ActiveCfg = Release|Any CPU
		{D1CA385F-E118-454B-8E87-998D7D4C12E6}.Release|Any CPU.Build.0 = Release|Any CPU
		{1B3CBAD9-6971-4D35-9F85-FD00463A3508}.Debug|Any CPU.ActiveCfg = Debug|Any CPU
		{1B3CBAD9-6971-4D35-9F85-FD00463A3508}.Debug|Any CPU.Build.0 = Debug|Any CPU
		{1B3CBAD9-6971-4D35-9F85-FD00463A3508}.Release|Any CPU.ActiveCfg = Release|Any CPU
		{1B3CBAD9-6971-4D35-9F85-FD00463A3508}.Release|Any CPU.Build.0 = Release|Any CPU
		{3F9AFF74-53AA-4955-AA08-22FA1045D0A9}.Debug|Any CPU.ActiveCfg = Debug|Any CPU
		{3F9AFF74-53AA-4955-AA08-22FA1045D0A9}.Debug|Any CPU.Build.0 = Debug|Any CPU
		{3F9AFF74-53AA-4955-AA08-22FA1045D0A9}.Release|Any CPU.ActiveCfg = Release|Any CPU
		{3F9AFF74-53AA-4955-AA08-22FA1045D0A9}.Release|Any CPU.Build.0 = Release|Any CPU
		{119BC515-7DF7-4C23-ABF4-0386E7BFF5C6}.Debug|Any CPU.ActiveCfg = Debug|Any CPU
		{119BC515-7DF7-4C23-ABF4-0386E7BFF5C6}.Debug|Any CPU.Build.0 = Debug|Any CPU
		{119BC515-7DF7-4C23-ABF4-0386E7BFF5C6}.Release|Any CPU.ActiveCfg = Release|Any CPU
		{119BC515-7DF7-4C23-ABF4-0386E7BFF5C6}.Release|Any CPU.Build.0 = Release|Any CPU
		{A49177D7-31D0-4C68-9F37-15CC0EEDDE7D}.Debug|Any CPU.ActiveCfg = Debug|Any CPU
		{A49177D7-31D0-4C68-9F37-15CC0EEDDE7D}.Debug|Any CPU.Build.0 = Debug|Any CPU
		{A49177D7-31D0-4C68-9F37-15CC0EEDDE7D}.Release|Any CPU.ActiveCfg = Release|Any CPU
		{A49177D7-31D0-4C68-9F37-15CC0EEDDE7D}.Release|Any CPU.Build.0 = Release|Any CPU
		{5CD0941B-805D-400A-968F-02E7B806AD7E}.Debug|Any CPU.ActiveCfg = Debug|Any CPU
		{5CD0941B-805D-400A-968F-02E7B806AD7E}.Debug|Any CPU.Build.0 = Debug|Any CPU
		{5CD0941B-805D-400A-968F-02E7B806AD7E}.Release|Any CPU.ActiveCfg = Release|Any CPU
		{5CD0941B-805D-400A-968F-02E7B806AD7E}.Release|Any CPU.Build.0 = Release|Any CPU
		{65D43CB6-C2D1-4105-8AB3-3050AB5C4B64}.Debug|Any CPU.ActiveCfg = Debug|Any CPU
		{65D43CB6-C2D1-4105-8AB3-3050AB5C4B64}.Debug|Any CPU.Build.0 = Debug|Any CPU
		{65D43CB6-C2D1-4105-8AB3-3050AB5C4B64}.Release|Any CPU.ActiveCfg = Release|Any CPU
		{65D43CB6-C2D1-4105-8AB3-3050AB5C4B64}.Release|Any CPU.Build.0 = Release|Any CPU
		{87AC0C5B-645B-4FB1-882F-8EB38816215B}.Debug|Any CPU.ActiveCfg = Debug|Any CPU
		{87AC0C5B-645B-4FB1-882F-8EB38816215B}.Debug|Any CPU.Build.0 = Debug|Any CPU
		{87AC0C5B-645B-4FB1-882F-8EB38816215B}.Release|Any CPU.ActiveCfg = Release|Any CPU
		{87AC0C5B-645B-4FB1-882F-8EB38816215B}.Release|Any CPU.Build.0 = Release|Any CPU
		{B5CD5706-CD25-4D84-9206-6BCDC2EC2883}.Debug|Any CPU.ActiveCfg = Debug|Any CPU
		{B5CD5706-CD25-4D84-9206-6BCDC2EC2883}.Debug|Any CPU.Build.0 = Debug|Any CPU
		{B5CD5706-CD25-4D84-9206-6BCDC2EC2883}.Release|Any CPU.ActiveCfg = Release|Any CPU
		{B5CD5706-CD25-4D84-9206-6BCDC2EC2883}.Release|Any CPU.Build.0 = Release|Any CPU
		{98210311-9984-412B-88AA-8961AFE9567B}.Debug|Any CPU.ActiveCfg = Debug|Any CPU
		{98210311-9984-412B-88AA-8961AFE9567B}.Debug|Any CPU.Build.0 = Debug|Any CPU
		{98210311-9984-412B-88AA-8961AFE9567B}.Release|Any CPU.ActiveCfg = Release|Any CPU
		{98210311-9984-412B-88AA-8961AFE9567B}.Release|Any CPU.Build.0 = Release|Any CPU
		{AA47FAAD-B9F3-4743-B186-6FE55D39801E}.Debug|Any CPU.ActiveCfg = Debug|Any CPU
		{AA47FAAD-B9F3-4743-B186-6FE55D39801E}.Debug|Any CPU.Build.0 = Debug|Any CPU
		{AA47FAAD-B9F3-4743-B186-6FE55D39801E}.Release|Any CPU.ActiveCfg = Release|Any CPU
		{AA47FAAD-B9F3-4743-B186-6FE55D39801E}.Release|Any CPU.Build.0 = Release|Any CPU
	EndGlobalSection
	GlobalSection(SolutionProperties) = preSolution
		HideSolutionNode = FALSE
	EndGlobalSection
	GlobalSection(NestedProjects) = preSolution
		{D1CA385F-E118-454B-8E87-998D7D4C12E6} = {1A359142-36EC-44AB-824C-D1BE4DA7D4AF}
		{1B3CBAD9-6971-4D35-9F85-FD00463A3508} = {5E231E2E-1B17-45C5-950C-1B4F81B689B0}
		{3F9AFF74-53AA-4955-AA08-22FA1045D0A9} = {5E231E2E-1B17-45C5-950C-1B4F81B689B0}
		{119BC515-7DF7-4C23-ABF4-0386E7BFF5C6} = {5E231E2E-1B17-45C5-950C-1B4F81B689B0}
		{A49177D7-31D0-4C68-9F37-15CC0EEDDE7D} = {6E583536-71DA-4D30-B710-5F2C9DAC6A49}
		{5CD0941B-805D-400A-968F-02E7B806AD7E} = {E7DEA2EC-F85B-4262-B48F-90FB194E7D8B}
		{65D43CB6-C2D1-4105-8AB3-3050AB5C4B64} = {E7DEA2EC-F85B-4262-B48F-90FB194E7D8B}
		{87AC0C5B-645B-4FB1-882F-8EB38816215B} = {E7DEA2EC-F85B-4262-B48F-90FB194E7D8B}
		{B5CD5706-CD25-4D84-9206-6BCDC2EC2883} = {E7DEA2EC-F85B-4262-B48F-90FB194E7D8B}
		{98210311-9984-412B-88AA-8961AFE9567B} = {6E583536-71DA-4D30-B710-5F2C9DAC6A49}
		{AA47FAAD-B9F3-4743-B186-6FE55D39801E} = {E7DEA2EC-F85B-4262-B48F-90FB194E7D8B}
	EndGlobalSection
EndGlobal
